
Microsoft Visual Studio Solution File, Format Version 12.00
# Visual Studio 15
VisualStudioVersion = 15.0.27428.2037
MinimumVisualStudioVersion = 10.0.40219.1
Project("{8BC9CEB8-8B4A-11D0-8D11-00A0C91BC942}") = "PSK", "PSK\PSK.vcxproj", "{C62DE852-6968-49DF-A7D8-1A322D842518}"
EndProject
Global
	GlobalSection(SolutionConfigurationPlatforms) = preSolution
		Debug|Win32 = Debug|Win32
		Release|Win32 = Release|Win32
	EndGlobalSection
	GlobalSection(ProjectConfigurationPlatforms) = postSolution
		{C62DE852-6968-49DF-A7D8-1A322D842518}.Debug|Win32.ActiveCfg = Debug|Win32
		{C62DE852-6968-49DF-A7D8-1A322D842518}.Debug|Win32.Build.0 = Debug|Win32
		{C62DE852-6968-49DF-A7D8-1A322D842518}.Release|Win32.ActiveCfg = Release|Win32
		{C62DE852-6968-49DF-A7D8-1A322D842518}.Release|Win32.Build.0 = Release|Win32
	EndGlobalSection
	GlobalSection(SolutionProperties) = preSolution
		HideSolutionNode = FALSE
	EndGlobalSection
	GlobalSection(ExtensibilityGlobals) = postSolution
		SolutionGuid = {C2650157-285C-4490-9375-D44F866BCBB6}
	EndGlobalSection
EndGlobal
